{
  "name": "perch-audio",
  "version": "0.3.5",
  "lockfileVersion": 3,
  "requires": true,
  "packages": {
    "": {
      "name": "perch-audio",
      "version": "0.3.5",
      "license": "MIT",
      "dependencies": {
        "@picovoice/pvrecorder-node": "^1.2.9"
      },
      "engines": {
        "vscode": "^1.90.0"
      }
    },
    "node_modules/@picovoice/pvrecorder-node": {
      "version": "1.2.9",
      "resolved": "https://registry.npmjs.org/@picovoice/pvrecorder-node/-/pvrecorder-node-1.2.9.tgz",
      "integrity": "sha512-e398ue4G8YihrnnyTpnVePvOiBEM5+R4D+ChoyyeC8J8KFBMuhGrZwrdmpIPqDqCjCA+YqO2mFaicHstVhEpcg==",
      "license": "Apache-2.0",
      "engines": {
        "node": ">=18.0.0"
      }
    }
  }
}
